// !$*UTF8*$!
{
	archiveVersion = 1;
	classes = {
	};
	objectVersion = 48;
	objects = {

/* Begin PBXBuildFile section */
		500E8AF91FC8A31E00FBE1A3 /* TDDecimalKeyboard.m in Sources */ = {isa = PBXBuildFile; fileRef = 500E8AF81FC8A31E00FBE1A3 /* TDDecimalKeyboard.m */; };
		502A60631FC8783A0085FACC /* AppDelegate.m in Sources */ = {isa = PBXBuildFile; fileRef = 502A60621FC8783A0085FACC /* AppDelegate.m */; };
		502A60661FC8783A0085FACC /* ViewController.m in Sources */ = {isa = PBXBuildFile; fileRef = 502A60651FC8783A0085FACC /* ViewController.m */; };
		502A60691FC8783A0085FACC /* Main.storyboard in Resources */ = {isa = PBXBuildFile; fileRef = 502A60671FC8783A0085FACC /* Main.storyboard */; };
		502A606B1FC8783A0085FACC /* Assets.xcassets in Resources */ = {isa = PBXBuildFile; fileRef = 502A606A1FC8783A0085FACC /* Assets.xcassets */; };
		502A606E1FC8783A0085FACC /* LaunchScreen.storyboard in Resources */ = {isa = PBXBuildFile; fileRef = 502A606C1FC8783A0085FACC /* LaunchScreen.storyboard */; };
		502A60711FC8783A0085FACC /* main.m in Sources */ = {isa = PBXBuildFile; fileRef = 502A60701FC8783A0085FACC /* main.m */; };
/* End PBXBuildFile section */

/* Begin PBXFileReference section */
		500E8AF71FC8A31E00FBE1A3 /* TDDecimalKeyboard.h */ = {isa = PBXFileReference; lastKnownFileType = sourcecode.c.h; path = TDDecimalKeyboard.h; sourceTree = "<group>"; };
		500E8AF81FC8A31E00FBE1A3 /* TDDecimalKeyboard.m */ = {isa = PBXFileReference; lastKnownFileType = sourcecode.c.objc; path = TDDecimalKeyboard.m; sourceTree = "<group>"; };
		502A605E1FC8783A0085FACC /* TD-DecimalKeyboard.app */ = {isa = PBXFileReference; explicitFileType = wrapper.application; includeInIndex = 0; path = "TD-DecimalKeyboard.app"; sourceTree = BUILT_PRODUCTS_DIR; };
		502A60611FC8783A0085FACC /* AppDelegate.h */ = {isa = PBXFileReference; lastKnownFileType = sourcecode.c.h; path = AppDelegate.h; sourceTree = "<group>"; };
		502A60621FC8783A0085FACC /* AppDelegate.m */ = {isa = PBXFileReference; lastKnownFileType = sourcecode.c.objc; path = AppDelegate.m; sourceTree = "<group>"; };
		502A60641FC8783A0085FACC /* ViewController.h */ = {isa = PBXFileReference; lastKnownFileType = sourcecode.c.h; path = ViewController.h; sourceTree = "<group>"; };
		502A60651FC8783A0085FACC /* ViewController.m */ = {isa = PBXFileReference; lastKnownFileType = sourcecode.c.objc; path = ViewController.m; sourceTree = "<group>"; };
		502A60681FC8783A0085FACC /* Base */ = {isa = PBXFileReference; lastKnownFileType = file.storyboard; name = Base; path = Base.lproj/Main.storyboard; sourceTree = "<group>"; };
		502A606A1FC8783A0085FACC /* Assets.xcassets */ = {isa = PBXFileReference; lastKnownFileType = folder.assetcatalog; path = Assets.xcassets; sourceTree = "<group>"; };
		502A606D1FC8783A0085FACC /* Base */ = {isa = PBXFileReference; lastKnownFileType = file.storyboard; name = Base; path = Base.lproj/LaunchScreen.storyboard; sourceTree = "<group>"; };
		502A606F1FC8783A0085FACC /* Info.plist */ = {isa = PBXFileReference; lastKnownFileType = text.plist.xml; path = Info.plist; sourceTree = "<group>"; };
		502A60701FC8783A0085FACC /* main.m */ = {isa = PBXFileReference; lastKnownFileType = sourcecode.c.objc; path = main.m; sourceTree = "<group>"; };
/* End PBXFileReference section */

/* Begin PBXFrameworksBuildPhase section */
		502A605B1FC8783A0085FACC /* Frameworks */ = {
			isa = PBXFrameworksBuildPhase;
			buildActionMask = 2147483647;
			files = (
			);
			runOnlyForDeploymentPostprocessing = 0;
		};
/* End PBXFrameworksBuildPhase section */

/* Begin PBXGroup section */
		502A60551FC8783A0085FACC = {
			isa = PBXGroup;
			children = (
				502A60601FC8783A0085FACC /* TD-DecimalKeyboard */,
				502A605F1FC8783A0085FACC /* Products */,
			);
			sourceTree = "<group>";
		};
		502A605F1FC8783A0085FACC /* Products */ = {
			isa = PBXGroup;
			children = (
				502A605E1FC8783A0085FACC /* TD-DecimalKeyboard.app */,
			);
			name = Products;
			sourceTree = "<group>";
		};
		502A60601FC8783A0085FACC /* TD-DecimalKeyboard */ = {
			isa = PBXGroup;
			children = (
				502A60611FC8783A0085FACC /* AppDelegate.h */,
				502A60621FC8783A0085FACC /* AppDelegate.m */,
				502A60641FC8783A0085FACC /* ViewController.h */,
				502A60651FC8783A0085FACC /* ViewController.m */,
				500E8AF71FC8A31E00FBE1A3 /* TDDecimalKeyboard.h */,
				500E8AF81FC8A31E00FBE1A3 /* TDDecimalKeyboard.m */,
				502A60671FC8783A0085FACC /* Main.storyboard */,
				502A606A1FC8783A0085FACC /* Assets.xcassets */,
				502A606C1FC8783A0085FACC /* LaunchScreen.storyboard */,
				502A606F1FC8783A0085FACC /* Info.plist */,
				502A60701FC8783A0085FACC /* main.m */,
			);
			path = "TD-DecimalKeyboard";
			sourceTree = "<group>";
		};
/* End PBXGroup section */

/* Begin PBXNativeTarget section */
		502A605D1FC8783A0085FACC /* TD-DecimalKeyboard */ = {
			isa = PBXNativeTarget;
			buildConfigurationList = 502A60741FC8783A0085FACC /* Build configuration list for PBXNativeTarget "TD-DecimalKeyboard" */;
			buildPhases = (
				502A605A1FC8783A0085FACC /* Sources */,
				502A605B1FC8783A0085FACC /* Frameworks */,
				502A605C1FC8783A0085FACC /* Resources */,
			);
			buildRules = (
			);
			dependencies = (
			);
			name = "TD-DecimalKeyboard";
			productName = "TD-DecimalKeyboard";
			productReference = 502A605E1FC8783A0085FACC /* TD-DecimalKeyboard.app */;
			productType = "com.apple.product-type.application";
		};
/* End PBXNativeTarget section */

/* Begin PBXProject section */
		502A60561FC8783A0085FACC /* Project object */ = {
			isa = PBXProject;
			attributes = {
				LastUpgradeCheck = 0910;
				ORGANIZATIONNAME = touchDev;
				TargetAttributes = {
					502A605D1FC8783A0085FACC = {
						CreatedOnToolsVersion = 9.1;
						ProvisioningStyle = Automatic;
					};
				};
			};
			buildConfigurationList = 502A60591FC8783A0085FACC /* Build configuration list for PBXProject "TD-DecimalKeyboard" */;
			compatibilityVersion = "Xcode 8.0";
			developmentRegion = en;
			hasScannedForEncodings = 0;
			knownRegions = (
				en,
				Base,
			);
			mainGroup = 502A60551FC8783A0085FACC;
			productRefGroup = 502A605F1FC8783A0085FACC /* Products */;
			projectDirPath = "";
			projectRoot = "";
			targets = (
				502A605D1FC8783A0085FACC /* TD-DecimalKeyboard */,
			);
		};
/* End PBXProject section */

/* Begin PBXResourcesBuildPhase section */
		502A605C1FC8783A0085FACC /* Resources */ = {
			isa = PBXResourcesBuildPhase;
			buildActionMask = 2147483647;
			files = (
				502A606E1FC8783A0085FACC /* LaunchScreen.storyboard in Resources */,
				502A606B1FC8783A0085FACC /* Assets.xcassets in Resources */,
				502A60691FC8783A0085FACC /* Main.storyboard in Resources */,
			);
			runOnlyForDeploymentPostprocessing = 0;
		};
/* End PBXResourcesBuildPhase section */

/* Begin PBXSourcesBuildPhase section */
		502A605A1FC8783A0085FACC /* Sources */ = {
			isa = PBXSourcesBuildPhase;
			buildActionMask = 2147483647;
			files = (
				502A60661FC8783A0085FACC /* ViewController.m in Sources */,
				500E8AF91FC8A31E00FBE1A3 /* TDDecimalKeyboard.m in Sources */,
				502A60711FC8783A0085FACC /* main.m in Sources */,
				502A60631FC8783A0085FACC /* AppDelegate.m in Sources */,
			);
			runOnlyForDeploymentPostprocessing = 0;
		};
/* End PBXSourcesBuildPhase section */

/* Begin PBXVariantGroup section */
		502A60671FC8783A0085FACC /* Main.storyboard */ = {
			isa = PBXVariantGroup;
			children = (
				502A60681FC8783A0085FACC /* Base */,
			);
			name = Main.storyboard;
			sourceTree = "<group>";
		};
		502A606C1FC8783A0085FACC /* LaunchScreen.storyboard */ = {
			isa = PBXVariantGroup;
			children = (
				502A606D1FC8783A0085FACC /* Base */,
			);
			name = LaunchScreen.storyboard;
			sourceTree = "<group>";
		};
/* End PBXVariantGroup section */

/* Begin XCBuildConfiguration section */
		502A60721FC8783A0085FACC /* Debug */ = {
			isa = XCBuildConfiguration;
			buildSettings = {
				ALWAYS_SEARCH_USER_PATHS = NO;
				CLANG_ANALYZER_NONNULL = YES;
				CLANG_ANALYZER_NUMBER_OBJECT_CONVERSION = YES_AGGRESSIVE;
				CLANG_CXX_LANGUAGE_STANDARD = "gnu++14";
				CLANG_CXX_LIBRARY = "libc++";
				CLANG_ENABLE_MODULES = YES;
				CLANG_ENABLE_OBJC_ARC = YES;
				CLANG_WARN_BLOCK_CAPTURE_AUTORELEASING = YES;
				CLANG_WARN_BOOL_CONVERSION = YES;
				CLANG_WARN_COMMA = YES;
				CLANG_WARN_CONSTANT_CONVERSION = YES;
				CLANG_WARN_DIRECT_OBJC_ISA_USAGE = YES_ERROR;
				CLANG_WARN_DOCUMENTATION_COMMENTS = YES;
				CLANG_WARN_EMPTY_BODY = YES;
				CLANG_WARN_ENUM_CONVERSION = YES;
				CLANG_WARN_INFINITE_RECURSION = YES;
				CLANG_WARN_INT_CONVERSION = YES;
				CLANG_WARN_NON_LITERAL_NULL_CONVERSION = YES;
				CLANG_WARN_OBJC_LITERAL_CONVERSION = YES;
				CLANG_WARN_OBJC_ROOT_CLASS = YES_ERROR;
				CLANG_WARN_RANGE_LOOP_ANALYSIS = YES;
				CLANG_WARN_STRICT_PROTOTYPES = YES;
				CLANG_WARN_SUSPICIOUS_MOVE = YES;
				CLANG_WARN_UNGUARDED_AVAILABILITY = YES_AGGRESSIVE;
				CLANG_WARN_UNREACHABLE_CODE = YES;
				CLANG_WARN__DUPLICATE_METHOD_MATCH = YES;
				CODE_SIGN_IDENTITY = "iPhone Developer";
				COPY_PHASE_STRIP = NO;
				DEBUG_INFORMATION_FORMAT = dwarf;
				ENABLE_STRICT_OBJC_MSGSEND = YES;
				ENABLE_TESTABILITY = YES;
				GCC_C_LANGUAGE_STANDARD = gnu11;
				GCC_DYNAMIC_NO_PIC = NO;
				GCC_NO_COMMON_BLOCKS = YES;
				GCC_OPTIMIZATION_LEVEL = 0;
				GCC_PREPROCESSOR_DEFINITIONS = (
					"DEBUG=1",
					"$(inherited)",
				);
				GCC_WARN_64_TO_32_BIT_CONVERSION = YES;
				GCC_WARN_ABOUT_RETURN_TYPE = YES_ERROR;
				GCC_WARN_UNDECLARED_SELECTOR = YES;
				GCC_WARN_UNINITIALIZED_AUTOS = YES_AGGRESSIVE;
				GCC_WARN_UNUSED_FUNCTION = YES;
				GCC_WARN_UNUSED_VARIABLE = YES;
				IPHONEOS_DEPLOYMENT_TARGET = 11.1;
				MTL_ENABLE_DEBUG_INFO = YES;
				ONLY_ACTIVE_ARCH = YES;
				SDKROOT = iphoneos;
			};
			name = Debug;
		};
		502A60731FC8783A0085FACC /* Release */ = {
			isa = XCBuildConfiguration;
			buildSettings = {
				ALWAYS_SEARCH_USER_PATHS = NO;
				CLANG_ANALYZER_NONNULL = YES;
				CLANG_ANALYZER_NUMBER_OBJECT_CONVERSION = YES_AGGRESSIVE;
				CLANG_CXX_LANGUAGE_STANDARD = "gnu++14";
				CLANG_CXX_LIBRARY = "libc++";
				CLANG_ENABLE_MODULES = YES;
				CLANG_ENABLE_OBJC_ARC = YES;
				CLANG_WARN_BLOCK_CAPTURE_AUTORELEASING = YES;
				CLANG_WARN_BOOL_CONVERSION = YES;
				CLANG_WARN_COMMA = YES;
				CLANG_WARN_CONSTANT_CONVERSION = YES;
				CLANG_WARN_DIRECT_OBJC_ISA_USAGE = YES_ERROR;
				CLANG_WARN_DOCUMENTATION_COMMENTS = YES;
				CLANG_WARN_EMPTY_BODY = YES;
				CLANG_WARN_ENUM_CONVERSION = YES;
				CLANG_WARN_INFINITE_RECURSION = YES;
				CLANG_WARN_INT_CONVERSION = YES;
				CLANG_WARN_NON_LITERAL_NULL_CONVERSION = YES;
				CLANG_WARN_OBJC_LITERAL_CONVERSION = YES;
				CLANG_WARN_OBJC_ROOT_CLASS = YES_ERROR;
				CLANG_WARN_RANGE_LOOP_ANALYSIS = YES;
				CLANG_WARN_STRICT_PROTOTYPES = YES;
				CLANG_WARN_SUSPICIOUS_MOVE = YES;
				CLANG_WARN_UNGUARDED_AVAILABILITY = YES_AGGRESSIVE;
				CLANG_WARN_UNREACHABLE_CODE = YES;
				CLANG_WARN__DUPLICATE_METHOD_MATCH = YES;
				CODE_SIGN_IDENTITY = "iPhone Developer";
				COPY_PHASE_STRIP = NO;
				DEBUG_INFORMATION_FORMAT = "dwarf-with-dsym";
				ENABLE_NS_ASSERTIONS = NO;
				ENABLE_STRICT_OBJC_MSGSEND = YES;
				GCC_C_LANGUAGE_STANDARD = gnu11;
				GCC_NO_COMMON_BLOCKS = YES;
				GCC_WARN_64_TO_32_BIT_CONVERSION = YES;
				GCC_WARN_ABOUT_RETURN_TYPE = YES_ERROR;
				GCC_WARN_UNDECLARED_SELECTOR = YES;
				GCC_WARN_UNINITIALIZED_AUTOS = YES_AGGRESSIVE;
				GCC_WARN_UNUSED_FUNCTION = YES;
				GCC_WARN_UNUSED_VARIABLE = YES;
				IPHONEOS_DEPLOYMENT_TARGET = 11.1;
				MTL_ENABLE_DEBUG_INFO = NO;
				SDKROOT = iphoneos;
				VALIDATE_PRODUCT = YES;
			};
			name = Release;
		};
		502A60751FC8783A0085FACC /* Debug */ = {
			isa = XCBuildConfiguration;
			buildSettings = {
				ASSETCATALOG_COMPILER_APPICON_NAME = AppIcon;
				CODE_SIGN_STYLE = Automatic;
				DEVELOPMENT_TEAM = 258KLFD3QU;
				INFOPLIST_FILE = "TD-DecimalKeyboard/Info.plist";
				LD_RUNPATH_SEARCH_PATHS = "$(inherited) @executable_path/Frameworks";
				PRODUCT_BUNDLE_IDENTIFIER = "touchDev.TD-DecimalKeyboard";
				PRODUCT_NAME = "$(TARGET_NAME)";
				TARGETED_DEVICE_FAMILY = "1,2";
			};
			name = Debug;
		};
		502A60761FC8783A0085FACC /* Release */ = {
			isa = XCBuildConfiguration;
			buildSettings = {
				ASSETCATALOG_COMPILER_APPICON_NAME = AppIcon;
				CODE_SIGN_STYLE = Automatic;
				DEVELOPMENT_TEAM = 258KLFD3QU;
				INFOPLIST_FILE = "TD-DecimalKeyboard/Info.plist";
				LD_RUNPATH_SEARCH_PATHS = "$(inherited) @executable_path/Frameworks";
				PRODUCT_BUNDLE_IDENTIFIER = "touchDev.TD-DecimalKeyboard";
				PRODUCT_NAME = "$(TARGET_NAME)";
				TARGETED_DEVICE_FAMILY = "1,2";
			};
			name = Release;
		};
/* End XCBuildConfiguration section */

/* Begin XCConfigurationList section */
		502A60591FC8783A0085FACC /* Build configuration list for PBXProject "TD-DecimalKeyboard" */ = {
			isa = XCConfigurationList;
			buildConfigurations = (
				502A60721FC8783A0085FACC /* Debug */,
				502A60731FC8783A0085FACC /* Release */,
			);
			defaultConfigurationIsVisible = 0;
			defaultConfigurationName = Release;
		};
		502A60741FC8783A0085FACC /* Build configuration list for PBXNativeTarget "TD-DecimalKeyboard" */ = {
			isa = XCConfigurationList;
			buildConfigurations = (
				502A60751FC8783A0085FACC /* Debug */,
				502A60761FC8783A0085FACC /* Release */,
			);
			defaultConfigurationIsVisible = 0;
			defaultConfigurationName = Release;
		};
/* End XCConfigurationList section */
	};
	rootObject = 502A60561FC8783A0085FACC /* Project object */;
}
